
Microsoft Visual Studio Solution File, Format Version 12.00
# Visual Studio Version 17
VisualStudioVersion = 17.5.33424.131
MinimumVisualStudioVersion = 10.0.40219.1
Project("{FAE04EC0-301F-11D3-BF4B-00C04F79EFBC}") = "GiftDice_Backend", "GiftDice_Backend\GiftDice_Backend.csproj", "{E537039F-3246-48FB-9F9A-CF6B4A9D2153}"
EndProject
Global
	GlobalSection(SolutionConfigurationPlatforms) = preSolution
		Debug|Any CPU = Debug|Any CPU
		Release|Any CPU = Release|Any CPU
	EndGlobalSection
	GlobalSection(ProjectConfigurationPlatforms) = postSolution
		{E537039F-3246-48FB-9F9A-CF6B4A9D2153}.Debug|Any CPU.ActiveCfg = Debug|Any CPU
		{E537039F-3246-48FB-9F9A-CF6B4A9D2153}.Debug|Any CPU.Build.0 = Debug|Any CPU
		{E537039F-3246-48FB-9F9A-CF6B4A9D2153}.Release|Any CPU.ActiveCfg = Release|Any CPU
		{E537039F-3246-48FB-9F9A-CF6B4A9D2153}.Release|Any CPU.Build.0 = Release|Any CPU
	EndGlobalSection
	GlobalSection(SolutionProperties) = preSolution
		HideSolutionNode = FALSE
	EndGlobalSection
	GlobalSection(ExtensibilityGlobals) = postSolution
		SolutionGuid = {00014429-0673-452B-AF61-7A0315877799}
	EndGlobalSection
EndGlobal
